// !$*UTF8*$!
{
	archiveVersion = 1;
	classes = {
	};
	objectVersion = 55;
	objects = {

/* Begin PBXBuildFile section */
		20151A03286AC0D80053FA9C /* UserReq.swift in Sources */ = {isa = PBXBuildFile; fileRef = 20151A02286AC0D80053FA9C /* UserReq.swift */; };
		20151A05286AC23D0053FA9C /* StringExtensions.swift in Sources */ = {isa = PBXBuildFile; fileRef = 20151A04286AC23D0053FA9C /* StringExtensions.swift */; };
		20151A07286AC7CD0053FA9C /* UserDbRepoImp.swift in Sources */ = {isa = PBXBuildFile; fileRef = 20151A06286AC7CD0053FA9C /* UserDbRepoImp.swift */; };
		20151A0A286AC96A0053FA9C /* Helpers.swift in Sources */ = {isa = PBXBuildFile; fileRef = 20151A09286AC96A0053FA9C /* Helpers.swift */; };
		20151A0D286AC9A30053FA9C /* ApiEndPoints.swift in Sources */ = {isa = PBXBuildFile; fileRef = 20151A0C286AC9A30053FA9C /* ApiEndPoints.swift */; };
		20151A10286ACC200053FA9C /* UserTable.swift in Sources */ = {isa = PBXBuildFile; fileRef = 20151A0F286ACC200053FA9C /* UserTable.swift */; };
		20151A12286AD01F0053FA9C /* URLSessionExtension.swift in Sources */ = {isa = PBXBuildFile; fileRef = 20151A11286AD01F0053FA9C /* URLSessionExtension.swift */; };
		20151A15286AD1550053FA9C /* UserApiServices.swift in Sources */ = {isa = PBXBuildFile; fileRef = 20151A14286AD1550053FA9C /* UserApiServices.swift */; };
		20151A17286AFB8A0053FA9C /* NetworkServices.swift in Sources */ = {isa = PBXBuildFile; fileRef = 20151A16286AFB8A0053FA9C /* NetworkServices.swift */; };
		20151A19286B00B10053FA9C /* BaseViewModel.swift in Sources */ = {isa = PBXBuildFile; fileRef = 20151A18286B00B10053FA9C /* BaseViewModel.swift */; };
		20CB91FC286AAE21003DE41C /* AppDelegate.swift in Sources */ = {isa = PBXBuildFile; fileRef = 20CB91FB286AAE21003DE41C /* AppDelegate.swift */; };
		20CB91FE286AAE21003DE41C /* SceneDelegate.swift in Sources */ = {isa = PBXBuildFile; fileRef = 20CB91FD286AAE21003DE41C /* SceneDelegate.swift */; };
		20CB9200286AAE21003DE41C /* ViewController.swift in Sources */ = {isa = PBXBuildFile; fileRef = 20CB91FF286AAE21003DE41C /* ViewController.swift */; };
		20CB9203286AAE21003DE41C /* Main.storyboard in Resources */ = {isa = PBXBuildFile; fileRef = 20CB9201286AAE21003DE41C /* Main.storyboard */; };
		20CB9205286AAE25003DE41C /* Assets.xcassets in Resources */ = {isa = PBXBuildFile; fileRef = 20CB9204286AAE25003DE41C /* Assets.xcassets */; };
		20CB9208286AAE25003DE41C /* LaunchScreen.storyboard in Resources */ = {isa = PBXBuildFile; fileRef = 20CB9206286AAE25003DE41C /* LaunchScreen.storyboard */; };
		20CB9215286ABB89003DE41C /* UserVM.swift in Sources */ = {isa = PBXBuildFile; fileRef = 20CB9214286ABB89003DE41C /* UserVM.swift */; };
		20CB9217286ABBA8003DE41C /* User.swift in Sources */ = {isa = PBXBuildFile; fileRef = 20CB9216286ABBA8003DE41C /* User.swift */; };
		20CB921A286ABC44003DE41C /* UserRepo.swift in Sources */ = {isa = PBXBuildFile; fileRef = 20CB9219286ABC44003DE41C /* UserRepo.swift */; };
		20CB921C286ABC57003DE41C /* UserRepoImp.swift in Sources */ = {isa = PBXBuildFile; fileRef = 20CB921B286ABC57003DE41C /* UserRepoImp.swift */; };
		9F9DC5C89CE5C05518653424 /* Pods_SwiftMVVMRxSwiftDemo.framework in Frameworks */ = {isa = PBXBuildFile; fileRef = 5FD2993AADB9C34360F1C19A /* Pods_SwiftMVVMRxSwiftDemo.framework */; };
/* End PBXBuildFile section */

/* Begin PBXFileReference section */
		20151A02286AC0D80053FA9C /* UserReq.swift */ = {isa = PBXFileReference; lastKnownFileType = sourcecode.swift; path = UserReq.swift; sourceTree = "<group>"; };
		20151A04286AC23D0053FA9C /* StringExtensions.swift */ = {isa = PBXFileReference; lastKnownFileType = sourcecode.swift; path = StringExtensions.swift; sourceTree = "<group>"; };
		20151A06286AC7CD0053FA9C /* UserDbRepoImp.swift */ = {isa = PBXFileReference; lastKnownFileType = sourcecode.swift; path = UserDbRepoImp.swift; sourceTree = "<group>"; };
		20151A09286AC96A0053FA9C /* Helpers.swift */ = {isa = PBXFileReference; lastKnownFileType = sourcecode.swift; path = Helpers.swift; sourceTree = "<group>"; };
		20151A0C286AC9A30053FA9C /* ApiEndPoints.swift */ = {isa = PBXFileReference; lastKnownFileType = sourcecode.swift; path = ApiEndPoints.swift; sourceTree = "<group>"; };
		20151A0F286ACC200053FA9C /* UserTable.swift */ = {isa = PBXFileReference; lastKnownFileType = sourcecode.swift; path = UserTable.swift; sourceTree = "<group>"; };
		20151A11286AD01F0053FA9C /* URLSessionExtension.swift */ = {isa = PBXFileReference; lastKnownFileType = sourcecode.swift; path = URLSessionExtension.swift; sourceTree = "<group>"; };
		20151A14286AD1550053FA9C /* UserApiServices.swift */ = {isa = PBXFileReference; lastKnownFileType = sourcecode.swift; path = UserApiServices.swift; sourceTree = "<group>"; };
		20151A16286AFB8A0053FA9C /* NetworkServices.swift */ = {isa = PBXFileReference; lastKnownFileType = sourcecode.swift; path = NetworkServices.swift; sourceTree = "<group>"; };
		20151A18286B00B10053FA9C /* BaseViewModel.swift */ = {isa = PBXFileReference; lastKnownFileType = sourcecode.swift; path = BaseViewModel.swift; sourceTree = "<group>"; };
		20CB91F8286AAE21003DE41C /* SwiftMVVMRxSwiftDemo.app */ = {isa = PBXFileReference; explicitFileType = wrapper.application; includeInIndex = 0; path = SwiftMVVMRxSwiftDemo.app; sourceTree = BUILT_PRODUCTS_DIR; };
		20CB91FB286AAE21003DE41C /* AppDelegate.swift */ = {isa = PBXFileReference; lastKnownFileType = sourcecode.swift; path = AppDelegate.swift; sourceTree = "<group>"; };
		20CB91FD286AAE21003DE41C /* SceneDelegate.swift */ = {isa = PBXFileReference; lastKnownFileType = sourcecode.swift; path = SceneDelegate.swift; sourceTree = "<group>"; };
		20CB91FF286AAE21003DE41C /* ViewController.swift */ = {isa = PBXFileReference; lastKnownFileType = sourcecode.swift; path = ViewController.swift; sourceTree = "<group>"; };
		20CB9202286AAE21003DE41C /* Base */ = {isa = PBXFileReference; lastKnownFileType = file.storyboard; name = Base; path = Base.lproj/Main.storyboard; sourceTree = "<group>"; };
		20CB9204286AAE25003DE41C /* Assets.xcassets */ = {isa = PBXFileReference; lastKnownFileType = folder.assetcatalog; path = Assets.xcassets; sourceTree = "<group>"; };
		20CB9207286AAE25003DE41C /* Base */ = {isa = PBXFileReference; lastKnownFileType = file.storyboard; name = Base; path = Base.lproj/LaunchScreen.storyboard; sourceTree = "<group>"; };
		20CB9209286AAE25003DE41C /* Info.plist */ = {isa = PBXFileReference; lastKnownFileType = text.plist.xml; path = Info.plist; sourceTree = "<group>"; };
		20CB9214286ABB89003DE41C /* UserVM.swift */ = {isa = PBXFileReference; lastKnownFileType = sourcecode.swift; path = UserVM.swift; sourceTree = "<group>"; };
		20CB9216286ABBA8003DE41C /* User.swift */ = {isa = PBXFileReference; lastKnownFileType = sourcecode.swift; path = User.swift; sourceTree = "<group>"; };
		20CB9219286ABC44003DE41C /* UserRepo.swift */ = {isa = PBXFileReference; lastKnownFileType = sourcecode.swift; path = UserRepo.swift; sourceTree = "<group>"; };
		20CB921B286ABC57003DE41C /* UserRepoImp.swift */ = {isa = PBXFileReference; lastKnownFileType = sourcecode.swift; path = UserRepoImp.swift; sourceTree = "<group>"; };
		3DBBCF81882459E1F3129AF8 /* Pods-SwiftMVVMRxSwiftDemo.release.xcconfig */ = {isa = PBXFileReference; includeInIndex = 1; lastKnownFileType = text.xcconfig; name = "Pods-SwiftMVVMRxSwiftDemo.release.xcconfig"; path = "Target Support Files/Pods-SwiftMVVMRxSwiftDemo/Pods-SwiftMVVMRxSwiftDemo.release.xcconfig"; sourceTree = "<group>"; };
		5FD2993AADB9C34360F1C19A /* Pods_SwiftMVVMRxSwiftDemo.framework */ = {isa = PBXFileReference; explicitFileType = wrapper.framework; includeInIndex = 0; path = Pods_SwiftMVVMRxSwiftDemo.framework; sourceTree = BUILT_PRODUCTS_DIR; };
		AD667069BFBEA0152C95BB1A /* Pods-SwiftMVVMRxSwiftDemo.debug.xcconfig */ = {isa = PBXFileReference; includeInIndex = 1; lastKnownFileType = text.xcconfig; name = "Pods-SwiftMVVMRxSwiftDemo.debug.xcconfig"; path = "Target Support Files/Pods-SwiftMVVMRxSwiftDemo/Pods-SwiftMVVMRxSwiftDemo.debug.xcconfig"; sourceTree = "<group>"; };
/* End PBXFileReference section */

/* Begin PBXFrameworksBuildPhase section */
		20CB91F5286AAE21003DE41C /* Frameworks */ = {
			isa = PBXFrameworksBuildPhase;
			buildActionMask = 2147483647;
			files = (
				9F9DC5C89CE5C05518653424 /* Pods_SwiftMVVMRxSwiftDemo.framework in Frameworks */,
			);
			runOnlyForDeploymentPostprocessing = 0;
		};
/* End PBXFrameworksBuildPhase section */

/* Begin PBXGroup section */
		20151A08286AC9560053FA9C /* Helpers */ = {
			isa = PBXGroup;
			children = (
				20151A09286AC96A0053FA9C /* Helpers.swift */,
			);
			path = Helpers;
			sourceTree = "<group>";
		};
		20151A0B286AC9850053FA9C /* Constants */ = {
			isa = PBXGroup;
			children = (
				20151A0C286AC9A30053FA9C /* ApiEndPoints.swift */,
			);
			path = Constants;
			sourceTree = "<group>";
		};
		20151A0E286ACBBB0053FA9C /* DatabaseServices */ = {
			isa = PBXGroup;
			children = (
				20151A0F286ACC200053FA9C /* UserTable.swift */,
			);
			path = DatabaseServices;
			sourceTree = "<group>";
		};
		20151A13286AD1350053FA9C /* ApiServices */ = {
			isa = PBXGroup;
			children = (
				20151A14286AD1550053FA9C /* UserApiServices.swift */,
			);
			path = ApiServices;
			sourceTree = "<group>";
		};
		20CB91EF286AAE21003DE41C = {
			isa = PBXGroup;
			children = (
				20CB91FA286AAE21003DE41C /* SwiftMVVMRxSwiftDemo */,
				20CB91F9286AAE21003DE41C /* Products */,
				7F9EC533856D6868DF2D7465 /* Pods */,
				8B0BB336A5E289205D39CA91 /* Frameworks */,
			);
			sourceTree = "<group>";
		};
		20CB91F9286AAE21003DE41C /* Products */ = {
			isa = PBXGroup;
			children = (
				20CB91F8286AAE21003DE41C /* SwiftMVVMRxSwiftDemo.app */,
			);
			name = Products;
			sourceTree = "<group>";
		};
		20CB91FA286AAE21003DE41C /* SwiftMVVMRxSwiftDemo */ = {
			isa = PBXGroup;
			children = (
				20151A0B286AC9850053FA9C /* Constants */,
				20CB9223286ABE5C003DE41C /* Utilities */,
				20CB9222286ABE13003DE41C /* Resources */,
				20CB9221286ABDF6003DE41C /* AppSettings */,
				20CB9213286ABA59003DE41C /* Views */,
				20CB9212286ABA4B003DE41C /* Controllers */,
				20CB9211286AB9E1003DE41C /* ViewModels */,
				20CB9210286AB9DA003DE41C /* Models */,
				20CB920F286AB99D003DE41C /* Services */,
				20CB9209286AAE25003DE41C /* Info.plist */,
			);
			path = SwiftMVVMRxSwiftDemo;
			sourceTree = "<group>";
		};
		20CB920F286AB99D003DE41C /* Services */ = {
			isa = PBXGroup;
			children = (
				20151A13286AD1350053FA9C /* ApiServices */,
				20151A0E286ACBBB0053FA9C /* DatabaseServices */,
				20151A16286AFB8A0053FA9C /* NetworkServices.swift */,
			);
			path = Services;
			sourceTree = "<group>";
		};
		20CB9210286AB9DA003DE41C /* Models */ = {
			isa = PBXGroup;
			children = (
				20CB9216286ABBA8003DE41C /* User.swift */,
			);
			path = Models;
			sourceTree = "<group>";
		};
		20CB9211286AB9E1003DE41C /* ViewModels */ = {
			isa = PBXGroup;
			children = (
				20CB9218286ABBEA003DE41C /* User */,
				20151A18286B00B10053FA9C /* BaseViewModel.swift */,
			);
			path = ViewModels;
			sourceTree = "<group>";
		};
		20CB9212286ABA4B003DE41C /* Controllers */ = {
			isa = PBXGroup;
			children = (
				20CB91FF286AAE21003DE41C /* ViewController.swift */,
			);
			path = Controllers;
			sourceTree = "<group>";
		};
		20CB9213286ABA59003DE41C /* Views */ = {
			isa = PBXGroup;
			children = (
				20CB9201286AAE21003DE41C /* Main.storyboard */,
				20CB9206286AAE25003DE41C /* LaunchScreen.storyboard */,
			);
			path = Views;
			sourceTree = "<group>";
		};
		20CB9218286ABBEA003DE41C /* User */ = {
			isa = PBXGroup;
			children = (
				20CB9214286ABB89003DE41C /* UserVM.swift */,
				20CB9219286ABC44003DE41C /* UserRepo.swift */,
				20CB921B286ABC57003DE41C /* UserRepoImp.swift */,
				20151A02286AC0D80053FA9C /* UserReq.swift */,
				20151A06286AC7CD0053FA9C /* UserDbRepoImp.swift */,
			);
			path = User;
			sourceTree = "<group>";
		};
		20CB9221286ABDF6003DE41C /* AppSettings */ = {
			isa = PBXGroup;
			children = (
				20CB91FD286AAE21003DE41C /* SceneDelegate.swift */,
				20CB91FB286AAE21003DE41C /* AppDelegate.swift */,
			);
			path = AppSettings;
			sourceTree = "<group>";
		};
		20CB9222286ABE13003DE41C /* Resources */ = {
			isa = PBXGroup;
			children = (
				20CB9204286AAE25003DE41C /* Assets.xcassets */,
			);
			path = Resources;
			sourceTree = "<group>";
		};
		20CB9223286ABE5C003DE41C /* Utilities */ = {
			isa = PBXGroup;
			children = (
				20151A08286AC9560053FA9C /* Helpers */,
				20CB9224286ABE71003DE41C /* Extensions */,
			);
			path = Utilities;
			sourceTree = "<group>";
		};
		20CB9224286ABE71003DE41C /* Extensions */ = {
			isa = PBXGroup;
			children = (
				20151A04286AC23D0053FA9C /* StringExtensions.swift */,
				20151A11286AD01F0053FA9C /* URLSessionExtension.swift */,
			);
			path = Extensions;
			sourceTree = "<group>";
		};
		7F9EC533856D6868DF2D7465 /* Pods */ = {
			isa = PBXGroup;
			children = (
				AD667069BFBEA0152C95BB1A /* Pods-SwiftMVVMRxSwiftDemo.debug.xcconfig */,
				3DBBCF81882459E1F3129AF8 /* Pods-SwiftMVVMRxSwiftDemo.release.xcconfig */,
			);
			path = Pods;
			sourceTree = "<group>";
		};
		8B0BB336A5E289205D39CA91 /* Frameworks */ = {
			isa = PBXGroup;
			children = (
				5FD2993AADB9C34360F1C19A /* Pods_SwiftMVVMRxSwiftDemo.framework */,
			);
			name = Frameworks;
			sourceTree = "<group>";
		};
/* End PBXGroup section */

/* Begin PBXNativeTarget section */
		20CB91F7286AAE21003DE41C /* SwiftMVVMRxSwiftDemo */ = {
			isa = PBXNativeTarget;
			buildConfigurationList = 20CB920C286AAE25003DE41C /* Build configuration list for PBXNativeTarget "SwiftMVVMRxSwiftDemo" */;
			buildPhases = (
				0A0988E07878BC408678A055 /* [CP] Check Pods Manifest.lock */,
				20CB91F4286AAE21003DE41C /* Sources */,
				20CB91F5286AAE21003DE41C /* Frameworks */,
				20CB91F6286AAE21003DE41C /* Resources */,
				4CE4D9B8FFB5EE5A2E8480F3 /* [CP] Embed Pods Frameworks */,
			);
			buildRules = (
			);
			dependencies = (
			);
			name = SwiftMVVMRxSwiftDemo;
			productName = SwiftMVVMRxSwiftDemo;
			productReference = 20CB91F8286AAE21003DE41C /* SwiftMVVMRxSwiftDemo.app */;
			productType = "com.apple.product-type.application";
		};
/* End PBXNativeTarget section */

/* Begin PBXProject section */
		20CB91F0286AAE21003DE41C /* Project object */ = {
			isa = PBXProject;
			attributes = {
				BuildIndependentTargetsInParallel = 1;
				LastSwiftUpdateCheck = 1330;
				LastUpgradeCheck = 1330;
				TargetAttributes = {
					20CB91F7286AAE21003DE41C = {
						CreatedOnToolsVersion = 13.3.1;
					};
				};
			};
			buildConfigurationList = 20CB91F3286AAE21003DE41C /* Build configuration list for PBXProject "SwiftMVVMRxSwiftDemo" */;
			compatibilityVersion = "Xcode 13.0";
			developmentRegion = en;
			hasScannedForEncodings = 0;
			knownRegions = (
				en,
				Base,
			);
			mainGroup = 20CB91EF286AAE21003DE41C;
			productRefGroup = 20CB91F9286AAE21003DE41C /* Products */;
			projectDirPath = "";
			projectRoot = "";
			targets = (
				20CB91F7286AAE21003DE41C /* SwiftMVVMRxSwiftDemo */,
			);
		};
/* End PBXProject section */

/* Begin PBXResourcesBuildPhase section */
		20CB91F6286AAE21003DE41C /* Resources */ = {
			isa = PBXResourcesBuildPhase;
			buildActionMask = 2147483647;
			files = (
				20CB9208286AAE25003DE41C /* LaunchScreen.storyboard in Resources */,
				20CB9205286AAE25003DE41C /* Assets.xcassets in Resources */,
				20CB9203286AAE21003DE41C /* Main.storyboard in Resources */,
			);
			runOnlyForDeploymentPostprocessing = 0;
		};
/* End PBXResourcesBuildPhase section */

/* Begin PBXShellScriptBuildPhase section */
		0A0988E07878BC408678A055 /* [CP] Check Pods Manifest.lock */ = {
			isa = PBXShellScriptBuildPhase;
			buildActionMask = 2147483647;
			files = (
			);
			inputFileListPaths = (
			);
			inputPaths = (
				"${PODS_PODFILE_DIR_PATH}/Podfile.lock",
				"${PODS_ROOT}/Manifest.lock",
			);
			name = "[CP] Check Pods Manifest.lock";
			outputFileListPaths = (
			);
			outputPaths = (
				"$(DERIVED_FILE_DIR)/Pods-SwiftMVVMRxSwiftDemo-checkManifestLockResult.txt",
			);
			runOnlyForDeploymentPostprocessing = 0;
			shellPath = /bin/sh;
			shellScript = "diff \"${PODS_PODFILE_DIR_PATH}/Podfile.lock\" \"${PODS_ROOT}/Manifest.lock\" > /dev/null\nif [ $? != 0 ] ; then\n    # print error to STDERR\n    echo \"error: The sandbox is not in sync with the Podfile.lock. Run 'pod install' or update your CocoaPods installation.\" >&2\n    exit 1\nfi\n# This output is used by Xcode 'outputs' to avoid re-running this script phase.\necho \"SUCCESS\" > \"${SCRIPT_OUTPUT_FILE_0}\"\n";
			showEnvVarsInLog = 0;
		};
		4CE4D9B8FFB5EE5A2E8480F3 /* [CP] Embed Pods Frameworks */ = {
			isa = PBXShellScriptBuildPhase;
			buildActionMask = 2147483647;
			files = (
			);
			inputFileListPaths = (
				"${PODS_ROOT}/Target Support Files/Pods-SwiftMVVMRxSwiftDemo/Pods-SwiftMVVMRxSwiftDemo-frameworks-${CONFIGURATION}-input-files.xcfilelist",
			);
			name = "[CP] Embed Pods Frameworks";
			outputFileListPaths = (
				"${PODS_ROOT}/Target Support Files/Pods-SwiftMVVMRxSwiftDemo/Pods-SwiftMVVMRxSwiftDemo-frameworks-${CONFIGURATION}-output-files.xcfilelist",
			);
			runOnlyForDeploymentPostprocessing = 0;
			shellPath = /bin/sh;
			shellScript = "\"${PODS_ROOT}/Target Support Files/Pods-SwiftMVVMRxSwiftDemo/Pods-SwiftMVVMRxSwiftDemo-frameworks.sh\"\n";
			showEnvVarsInLog = 0;
		};
/* End PBXShellScriptBuildPhase section */

/* Begin PBXSourcesBuildPhase section */
		20CB91F4286AAE21003DE41C /* Sources */ = {
			isa = PBXSourcesBuildPhase;
			buildActionMask = 2147483647;
			files = (
				20CB9200286AAE21003DE41C /* ViewController.swift in Sources */,
				20CB921C286ABC57003DE41C /* UserRepoImp.swift in Sources */,
				20151A19286B00B10053FA9C /* BaseViewModel.swift in Sources */,
				20151A07286AC7CD0053FA9C /* UserDbRepoImp.swift in Sources */,
				20151A03286AC0D80053FA9C /* UserReq.swift in Sources */,
				20151A12286AD01F0053FA9C /* URLSessionExtension.swift in Sources */,
				20CB91FC286AAE21003DE41C /* AppDelegate.swift in Sources */,
				20151A05286AC23D0053FA9C /* StringExtensions.swift in Sources */,
				20CB921A286ABC44003DE41C /* UserRepo.swift in Sources */,
				20151A0D286AC9A30053FA9C /* ApiEndPoints.swift in Sources */,
				20151A10286ACC200053FA9C /* UserTable.swift in Sources */,
				20CB9215286ABB89003DE41C /* UserVM.swift in Sources */,
				20151A0A286AC96A0053FA9C /* Helpers.swift in Sources */,
				20151A15286AD1550053FA9C /* UserApiServices.swift in Sources */,
				20CB9217286ABBA8003DE41C /* User.swift in Sources */,
				20151A17286AFB8A0053FA9C /* NetworkServices.swift in Sources */,
				20CB91FE286AAE21003DE41C /* SceneDelegate.swift in Sources */,
			);
			runOnlyForDeploymentPostprocessing = 0;
		};
/* End PBXSourcesBuildPhase section */

/* Begin PBXVariantGroup section */
		20CB9201286AAE21003DE41C /* Main.storyboard */ = {
			isa = PBXVariantGroup;
			children = (
				20CB9202286AAE21003DE41C /* Base */,
			);
			name = Main.storyboard;
			sourceTree = "<group>";
		};
		20CB9206286AAE25003DE41C /* LaunchScreen.storyboard */ = {
			isa = PBXVariantGroup;
			children = (
				20CB9207286AAE25003DE41C /* Base */,
			);
			name = LaunchScreen.storyboard;
			sourceTree = "<group>";
		};
/* End PBXVariantGroup section */

/* Begin XCBuildConfiguration section */
		20CB920A286AAE25003DE41C /* Debug */ = {
			isa = XCBuildConfiguration;
			buildSettings = {
				ALWAYS_SEARCH_USER_PATHS = NO;
				CLANG_ANALYZER_NONNULL = YES;
				CLANG_ANALYZER_NUMBER_OBJECT_CONVERSION = YES_AGGRESSIVE;
				CLANG_CXX_LANGUAGE_STANDARD = "gnu++17";
				CLANG_ENABLE_MODULES = YES;
				CLANG_ENABLE_OBJC_ARC = YES;
				CLANG_ENABLE_OBJC_WEAK = YES;
				CLANG_WARN_BLOCK_CAPTURE_AUTORELEASING = YES;
				CLANG_WARN_BOOL_CONVERSION = YES;
				CLANG_WARN_COMMA = YES;
				CLANG_WARN_CONSTANT_CONVERSION = YES;
				CLANG_WARN_DEPRECATED_OBJC_IMPLEMENTATIONS = YES;
				CLANG_WARN_DIRECT_OBJC_ISA_USAGE = YES_ERROR;
				CLANG_WARN_DOCUMENTATION_COMMENTS = YES;
				CLANG_WARN_EMPTY_BODY = YES;
				CLANG_WARN_ENUM_CONVERSION = YES;
				CLANG_WARN_INFINITE_RECURSION = YES;
				CLANG_WARN_INT_CONVERSION = YES;
				CLANG_WARN_NON_LITERAL_NULL_CONVERSION = YES;
				CLANG_WARN_OBJC_IMPLICIT_RETAIN_SELF = YES;
				CLANG_WARN_OBJC_LITERAL_CONVERSION = YES;
				CLANG_WARN_OBJC_ROOT_CLASS = YES_ERROR;
				CLANG_WARN_QUOTED_INCLUDE_IN_FRAMEWORK_HEADER = YES;
				CLANG_WARN_RANGE_LOOP_ANALYSIS = YES;
				CLANG_WARN_STRICT_PROTOTYPES = YES;
				CLANG_WARN_SUSPICIOUS_MOVE = YES;
				CLANG_WARN_UNGUARDED_AVAILABILITY = YES_AGGRESSIVE;
				CLANG_WARN_UNREACHABLE_CODE = YES;
				CLANG_WARN__DUPLICATE_METHOD_MATCH = YES;
				COPY_PHASE_STRIP = NO;
				DEBUG_INFORMATION_FORMAT = dwarf;
				ENABLE_STRICT_OBJC_MSGSEND = YES;
				ENABLE_TESTABILITY = YES;
				GCC_C_LANGUAGE_STANDARD = gnu11;
				GCC_DYNAMIC_NO_PIC = NO;
				GCC_NO_COMMON_BLOCKS = YES;
				GCC_OPTIMIZATION_LEVEL = 0;
				GCC_PREPROCESSOR_DEFINITIONS = (
					"DEBUG=1",
					"$(inherited)",
				);
				GCC_WARN_64_TO_32_BIT_CONVERSION = YES;
				GCC_WARN_ABOUT_RETURN_TYPE = YES_ERROR;
				GCC_WARN_UNDECLARED_SELECTOR = YES;
				GCC_WARN_UNINITIALIZED_AUTOS = YES_AGGRESSIVE;
				GCC_WARN_UNUSED_FUNCTION = YES;
				GCC_WARN_UNUSED_VARIABLE = YES;
				IPHONEOS_DEPLOYMENT_TARGET = 15.4;
				MTL_ENABLE_DEBUG_INFO = INCLUDE_SOURCE;
				MTL_FAST_MATH = YES;
				ONLY_ACTIVE_ARCH = YES;
				SDKROOT = iphoneos;
				SWIFT_ACTIVE_COMPILATION_CONDITIONS = DEBUG;
				SWIFT_OPTIMIZATION_LEVEL = "-Onone";
			};
			name = Debug;
		};
		20CB920B286AAE25003DE41C /* Release */ = {
			isa = XCBuildConfiguration;
			buildSettings = {
				ALWAYS_SEARCH_USER_PATHS = NO;
				CLANG_ANALYZER_NONNULL = YES;
				CLANG_ANALYZER_NUMBER_OBJECT_CONVERSION = YES_AGGRESSIVE;
				CLANG_CXX_LANGUAGE_STANDARD = "gnu++17";
				CLANG_ENABLE_MODULES = YES;
				CLANG_ENABLE_OBJC_ARC = YES;
				CLANG_ENABLE_OBJC_WEAK = YES;
				CLANG_WARN_BLOCK_CAPTURE_AUTORELEASING = YES;
				CLANG_WARN_BOOL_CONVERSION = YES;
				CLANG_WARN_COMMA = YES;
				CLANG_WARN_CONSTANT_CONVERSION = YES;
				CLANG_WARN_DEPRECATED_OBJC_IMPLEMENTATIONS = YES;
				CLANG_WARN_DIRECT_OBJC_ISA_USAGE = YES_ERROR;
				CLANG_WARN_DOCUMENTATION_COMMENTS = YES;
				CLANG_WARN_EMPTY_BODY = YES;
				CLANG_WARN_ENUM_CONVERSION = YES;
				CLANG_WARN_INFINITE_RECURSION = YES;
				CLANG_WARN_INT_CONVERSION = YES;
				CLANG_WARN_NON_LITERAL_NULL_CONVERSION = YES;
				CLANG_WARN_OBJC_IMPLICIT_RETAIN_SELF = YES;
				CLANG_WARN_OBJC_LITERAL_CONVERSION = YES;
				CLANG_WARN_OBJC_ROOT_CLASS = YES_ERROR;
				CLANG_WARN_QUOTED_INCLUDE_IN_FRAMEWORK_HEADER = YES;
				CLANG_WARN_RANGE_LOOP_ANALYSIS = YES;
				CLANG_WARN_STRICT_PROTOTYPES = YES;
				CLANG_WARN_SUSPICIOUS_MOVE = YES;
				CLANG_WARN_UNGUARDED_AVAILABILITY = YES_AGGRESSIVE;
				CLANG_WARN_UNREACHABLE_CODE = YES;
				CLANG_WARN__DUPLICATE_METHOD_MATCH = YES;
				COPY_PHASE_STRIP = NO;
				DEBUG_INFORMATION_FORMAT = "dwarf-with-dsym";
				ENABLE_NS_ASSERTIONS = NO;
				ENABLE_STRICT_OBJC_MSGSEND = YES;
				GCC_C_LANGUAGE_STANDARD = gnu11;
				GCC_NO_COMMON_BLOCKS = YES;
				GCC_WARN_64_TO_32_BIT_CONVERSION = YES;
				GCC_WARN_ABOUT_RETURN_TYPE = YES_ERROR;
				GCC_WARN_UNDECLARED_SELECTOR = YES;
				GCC_WARN_UNINITIALIZED_AUTOS = YES_AGGRESSIVE;
				GCC_WARN_UNUSED_FUNCTION = YES;
				GCC_WARN_UNUSED_VARIABLE = YES;
				IPHONEOS_DEPLOYMENT_TARGET = 15.4;
				MTL_ENABLE_DEBUG_INFO = NO;
				MTL_FAST_MATH = YES;
				SDKROOT = iphoneos;
				SWIFT_COMPILATION_MODE = wholemodule;
				SWIFT_OPTIMIZATION_LEVEL = "-O";
				VALIDATE_PRODUCT = YES;
			};
			name = Release;
		};
		20CB920D286AAE25003DE41C /* Debug */ = {
			isa = XCBuildConfiguration;
			baseConfigurationReference = AD667069BFBEA0152C95BB1A /* Pods-SwiftMVVMRxSwiftDemo.debug.xcconfig */;
			buildSettings = {
				ASSETCATALOG_COMPILER_APPICON_NAME = AppIcon;
				ASSETCATALOG_COMPILER_GLOBAL_ACCENT_COLOR_NAME = AccentColor;
				CODE_SIGN_STYLE = Automatic;
				CURRENT_PROJECT_VERSION = 1;
				DEVELOPMENT_TEAM = FFKH5FAH95;
				GENERATE_INFOPLIST_FILE = YES;
				INFOPLIST_FILE = SwiftMVVMRxSwiftDemo/Info.plist;
				INFOPLIST_KEY_UIApplicationSupportsIndirectInputEvents = YES;
				INFOPLIST_KEY_UILaunchStoryboardName = LaunchScreen;
				INFOPLIST_KEY_UIMainStoryboardFile = Main;
				INFOPLIST_KEY_UISupportedInterfaceOrientations_iPad = "UIInterfaceOrientationPortrait UIInterfaceOrientationPortraitUpsideDown UIInterfaceOrientationLandscapeLeft UIInterfaceOrientationLandscapeRight";
				INFOPLIST_KEY_UISupportedInterfaceOrientations_iPhone = "UIInterfaceOrientationPortrait UIInterfaceOrientationLandscapeLeft UIInterfaceOrientationLandscapeRight";
				LD_RUNPATH_SEARCH_PATHS = (
					"$(inherited)",
					"@executable_path/Frameworks",
				);
				MARKETING_VERSION = 1.0;
				PRODUCT_BUNDLE_IDENTIFIER = cse.mobarak.SwiftMVVMRxSwiftDemo;
				PRODUCT_NAME = "$(TARGET_NAME)";
				SWIFT_EMIT_LOC_STRINGS = YES;
				SWIFT_VERSION = 5.0;
				TARGETED_DEVICE_FAMILY = "1,2";
			};
			name = Debug;
		};
		20CB920E286AAE25003DE41C /* Release */ = {
			isa = XCBuildConfiguration;
			baseConfigurationReference = 3DBBCF81882459E1F3129AF8 /* Pods-SwiftMVVMRxSwiftDemo.release.xcconfig */;
			buildSettings = {
				ASSETCATALOG_COMPILER_APPICON_NAME = AppIcon;
				ASSETCATALOG_COMPILER_GLOBAL_ACCENT_COLOR_NAME = AccentColor;
				CODE_SIGN_STYLE = Automatic;
				CURRENT_PROJECT_VERSION = 1;
				DEVELOPMENT_TEAM = FFKH5FAH95;
				GENERATE_INFOPLIST_FILE = YES;
				INFOPLIST_FILE = SwiftMVVMRxSwiftDemo/Info.plist;
				INFOPLIST_KEY_UIApplicationSupportsIndirectInputEvents = YES;
				INFOPLIST_KEY_UILaunchStoryboardName = LaunchScreen;
				INFOPLIST_KEY_UIMainStoryboardFile = Main;
				INFOPLIST_KEY_UISupportedInterfaceOrientations_iPad = "UIInterfaceOrientationPortrait UIInterfaceOrientationPortraitUpsideDown UIInterfaceOrientationLandscapeLeft UIInterfaceOrientationLandscapeRight";
				INFOPLIST_KEY_UISupportedInterfaceOrientations_iPhone = "UIInterfaceOrientationPortrait UIInterfaceOrientationLandscapeLeft UIInterfaceOrientationLandscapeRight";
				LD_RUNPATH_SEARCH_PATHS = (
					"$(inherited)",
					"@executable_path/Frameworks",
				);
				MARKETING_VERSION = 1.0;
				PRODUCT_BUNDLE_IDENTIFIER = cse.mobarak.SwiftMVVMRxSwiftDemo;
				PRODUCT_NAME = "$(TARGET_NAME)";
				SWIFT_EMIT_LOC_STRINGS = YES;
				SWIFT_VERSION = 5.0;
				TARGETED_DEVICE_FAMILY = "1,2";
			};
			name = Release;
		};
/* End XCBuildConfiguration section */

/* Begin XCConfigurationList section */
		20CB91F3286AAE21003DE41C /* Build configuration list for PBXProject "SwiftMVVMRxSwiftDemo" */ = {
			isa = XCConfigurationList;
			buildConfigurations = (
				20CB920A286AAE25003DE41C /* Debug */,
				20CB920B286AAE25003DE41C /* Release */,
			);
			defaultConfigurationIsVisible = 0;
			defaultConfigurationName = Release;
		};
		20CB920C286AAE25003DE41C /* Build configuration list for PBXNativeTarget "SwiftMVVMRxSwiftDemo" */ = {
			isa = XCConfigurationList;
			buildConfigurations = (
				20CB920D286AAE25003DE41C /* Debug */,
				20CB920E286AAE25003DE41C /* Release */,
			);
			defaultConfigurationIsVisible = 0;
			defaultConfigurationName = Release;
		};
/* End XCConfigurationList section */
	};
	rootObject = 20CB91F0286AAE21003DE41C /* Project object */;
}
